
Microsoft Visual Studio Solution File, Format Version 12.00
# Visual Studio Version 17
VisualStudioVersion = 17.1.32228.430
MinimumVisualStudioVersion = 10.0.40219.1
Project("{FAE04EC0-301F-11D3-BF4B-00C04F79EFBC}") = "ExcelImageDownloader", "ExcelImageDownloader.csproj", "{4E027480-8029-424C-9D2F-08ED909454F8}"
EndProject
Global
	GlobalSection(SolutionConfigurationPlatforms) = preSolution
		Debug|Any CPU = Debug|Any CPU
		Release|Any CPU = Release|Any CPU
	EndGlobalSection
	GlobalSection(ProjectConfigurationPlatforms) = postSolution
		{4E027480-8029-424C-9D2F-08ED909454F8}.Debug|Any CPU.ActiveCfg = Debug|Any CPU
		{4E027480-8029-424C-9D2F-08ED909454F8}.Debug|Any CPU.Build.0 = Debug|Any CPU
		{4E027480-8029-424C-9D2F-08ED909454F8}.Release|Any CPU.ActiveCfg = Release|Any CPU
		{4E027480-8029-424C-9D2F-08ED909454F8}.Release|Any CPU.Build.0 = Release|Any CPU
	EndGlobalSection
	GlobalSection(SolutionProperties) = preSolution
		HideSolutionNode = FALSE
	EndGlobalSection
	GlobalSection(ExtensibilityGlobals) = postSolution
		SolutionGuid = {CF4660C7-A979-42E7-9E4C-D611F998EED9}
	EndGlobalSection
EndGlobal
